
Microsoft Visual Studio Solution File, Format Version 12.00
# Visual Studio Version 17
VisualStudioVersion = 17.14.37027.9 d17.14
MinimumVisualStudioVersion = 10.0.40219.1
Project("{FAE04EC0-301F-11D3-BF4B-00C04F79EFBC}") = "WebApplication final", "WebApplication final.csproj", "{C6452814-C2D9-46D5-8DA9-2000FE2CC59E}"
EndProject
Global
	GlobalSection(SolutionConfigurationPlatforms) = preSolution
		Debug|Any CPU = Debug|Any CPU
		Release|Any CPU = Release|Any CPU
	EndGlobalSection
	GlobalSection(ProjectConfigurationPlatforms) = postSolution
		{C6452814-C2D9-46D5-8DA9-2000FE2CC59E}.Debug|Any CPU.ActiveCfg = Debug|Any CPU
		{C6452814-C2D9-46D5-8DA9-2000FE2CC59E}.Debug|Any CPU.Build.0 = Debug|Any CPU
		{C6452814-C2D9-46D5-8DA9-2000FE2CC59E}.Release|Any CPU.ActiveCfg = Release|Any CPU
		{C6452814-C2D9-46D5-8DA9-2000FE2CC59E}.Release|Any CPU.Build.0 = Release|Any CPU
	EndGlobalSection
	GlobalSection(SolutionProperties) = preSolution
		HideSolutionNode = FALSE
	EndGlobalSection
	GlobalSection(ExtensibilityGlobals) = postSolution
		SolutionGuid = {3C8C3FB6-50B7-46B7-9B54-47746FB9B3AA}
	EndGlobalSection
EndGlobal
